
Microsoft Visual Studio Solution File, Format Version 12.00
# Visual Studio 15
VisualStudioVersion = 15.0.27130.2003
MinimumVisualStudioVersion = 10.0.40219.1
Project("{FAE04EC0-301F-11D3-BF4B-00C04F79EFBC}") = "MultichainWallet", "MultichainWallet\MultichainWallet.csproj", "{7714390F-E5EE-4AF1-9E3C-B23563D686ED}"
EndProject
Global
	GlobalSection(SolutionConfigurationPlatforms) = preSolution
		Debug|Any CPU = Debug|Any CPU
		Release|Any CPU = Release|Any CPU
	EndGlobalSection
	GlobalSection(ProjectConfigurationPlatforms) = postSolution
		{7714390F-E5EE-4AF1-9E3C-B23563D686ED}.Debug|Any CPU.ActiveCfg = Debug|Any CPU
		{7714390F-E5EE-4AF1-9E3C-B23563D686ED}.Debug|Any CPU.Build.0 = Debug|Any CPU
		{7714390F-E5EE-4AF1-9E3C-B23563D686ED}.Release|Any CPU.ActiveCfg = Release|Any CPU
		{7714390F-E5EE-4AF1-9E3C-B23563D686ED}.Release|Any CPU.Build.0 = Release|Any CPU
	EndGlobalSection
	GlobalSection(SolutionProperties) = preSolution
		HideSolutionNode = FALSE
	EndGlobalSection
	GlobalSection(ExtensibilityGlobals) = postSolution
		SolutionGuid = {FB6449ED-2347-4636-975A-E22CAA686B62}
	EndGlobalSection
EndGlobal
